
Microsoft Visual Studio Solution File, Format Version 12.00
# Visual Studio Version 16
VisualStudioVersion = 16.0.31515.178
MinimumVisualStudioVersion = 10.0.40219.1
Project("{9A19103F-16F7-4668-BE54-9A1E7A4F7556}") = "ProjectX.MVC", "ProjectX\ProjectX.MVC.csproj", "{7FFF0298-6EE6-4B52-99BE-CB9BC9FE0184}"
EndProject
Project("{9A19103F-16F7-4668-BE54-9A1E7A4F7556}") = "ProjectX.BLL", "ProjectX.BLL\ProjectX.BLL.csproj", "{FF2A3967-645A-4BC6-8CA1-6B66674AB529}"
EndProject
Project("{9A19103F-16F7-4668-BE54-9A1E7A4F7556}") = "ProjectX.DAL", "ProjectX.DAL\ProjectX.DAL.csproj", "{ACCBD79A-9763-4925-ACEC-8DDBF5F4D35D}"
EndProject
Project("{9A19103F-16F7-4668-BE54-9A1E7A4F7556}") = "ProjectX.DAL.EF", "ProjectX.DAL.EF\ProjectX.DAL.EF.csproj", "{174CA0DC-BACE-44BC-A06B-825816AFBEA2}"
EndProject
Project("{9A19103F-16F7-4668-BE54-9A1E7A4F7556}") = "ProjectX.WebAPI", "ProjectX.WebAPI\ProjectX.WebAPI.csproj", "{09F0D01E-BB06-43D4-A043-63B565068F7C}"
EndProject
Global
	GlobalSection(SolutionConfigurationPlatforms) = preSolution
		Debug|Any CPU = Debug|Any CPU
		Release|Any CPU = Release|Any CPU
	EndGlobalSection
	GlobalSection(ProjectConfigurationPlatforms) = postSolution
		{7FFF0298-6EE6-4B52-99BE-CB9BC9FE0184}.Debug|Any CPU.ActiveCfg = Debug|Any CPU
		{7FFF0298-6EE6-4B52-99BE-CB9BC9FE0184}.Debug|Any CPU.Build.0 = Debug|Any CPU
		{7FFF0298-6EE6-4B52-99BE-CB9BC9FE0184}.Release|Any CPU.ActiveCfg = Release|Any CPU
		{7FFF0298-6EE6-4B52-99BE-CB9BC9FE0184}.Release|Any CPU.Build.0 = Release|Any CPU
		{FF2A3967-645A-4BC6-8CA1-6B66674AB529}.Debug|Any CPU.ActiveCfg = Debug|Any CPU
		{FF2A3967-645A-4BC6-8CA1-6B66674AB529}.Debug|Any CPU.Build.0 = Debug|Any CPU
		{FF2A3967-645A-4BC6-8CA1-6B66674AB529}.Release|Any CPU.ActiveCfg = Release|Any CPU
		{FF2A3967-645A-4BC6-8CA1-6B66674AB529}.Release|Any CPU.Build.0 = Release|Any CPU
		{ACCBD79A-9763-4925-ACEC-8DDBF5F4D35D}.Debug|Any CPU.ActiveCfg = Debug|Any CPU
		{ACCBD79A-9763-4925-ACEC-8DDBF5F4D35D}.Debug|Any CPU.Build.0 = Debug|Any CPU
		{ACCBD79A-9763-4925-ACEC-8DDBF5F4D35D}.Release|Any CPU.ActiveCfg = Release|Any CPU
		{ACCBD79A-9763-4925-ACEC-8DDBF5F4D35D}.Release|Any CPU.Build.0 = Release|Any CPU
		{174CA0DC-BACE-44BC-A06B-825816AFBEA2}.Debug|Any CPU.ActiveCfg = Debug|Any CPU
		{174CA0DC-BACE-44BC-A06B-825816AFBEA2}.Debug|Any CPU.Build.0 = Debug|Any CPU
		{174CA0DC-BACE-44BC-A06B-825816AFBEA2}.Release|Any CPU.ActiveCfg = Release|Any CPU
		{174CA0DC-BACE-44BC-A06B-825816AFBEA2}.Release|Any CPU.Build.0 = Release|Any CPU
		{09F0D01E-BB06-43D4-A043-63B565068F7C}.Debug|Any CPU.ActiveCfg = Debug|Any CPU
		{09F0D01E-BB06-43D4-A043-63B565068F7C}.Debug|Any CPU.Build.0 = Debug|Any CPU
		{09F0D01E-BB06-43D4-A043-63B565068F7C}.Release|Any CPU.ActiveCfg = Release|Any CPU
		{09F0D01E-BB06-43D4-A043-63B565068F7C}.Release|Any CPU.Build.0 = Release|Any CPU
	EndGlobalSection
	GlobalSection(SolutionProperties) = preSolution
		HideSolutionNode = FALSE
	EndGlobalSection
	GlobalSection(ExtensibilityGlobals) = postSolution
		SolutionGuid = {D38F7E30-D214-4672-8A80-1C9BB6C52992}
	EndGlobalSection
EndGlobal
